PODS:
  - ScreenOrientationManager (0.1.0)

DEPENDENCIES:
  - ScreenOrientationManager (from `../`)

EXTERNAL SOURCES:
  ScreenOrientationManager:
    :path: ../

SPEC CHECKSUMS:
  ScreenOrientationManager: 6b5c07ce99a5c3bab2b03619d91ddcea74cfe447

PODFILE CHECKSUM: 25690a45f254dfa658dde2a93b84d91b7727478a

COCOAPODS: 1.4.0
